
Microsoft Visual Studio Solution File, Format Version 12.00
# Visual Studio 14
VisualStudioVersion = 14.0.25420.1
MinimumVisualStudioVersion = 10.0.40219.1
Project("{2150E333-8FDC-42A3-9474-1A3956D46DE8}") = "PL", "PL", "{2675C86A-70EA-40C7-A39C-78AB6280C793}"
EndProject
Project("{2150E333-8FDC-42A3-9474-1A3956D46DE8}") = "BLL", "BLL", "{06118F91-59C9-4515-AE3A-E1F384C946A9}"
EndProject
Project("{2150E333-8FDC-42A3-9474-1A3956D46DE8}") = "DAL", "DAL", "{CB01491A-8CB2-4F62-BDA7-2A3371609103}"
EndProject
Project("{FAE04EC0-301F-11D3-BF4B-00C04F79EFBC}") = "BLL.Test", "BLL.Test\BLL.Test.csproj", "{E3FAA92B-4E36-45F4-A632-C7DAC73C779E}"
EndProject
Project("{FAE04EC0-301F-11D3-BF4B-00C04F79EFBC}") = "DAL", "DAL\DAL.csproj", "{8ECDF1CB-1688-4EFC-95BA-97CA56FE58FE}"
EndProject
Project("{FAE04EC0-301F-11D3-BF4B-00C04F79EFBC}") = "BLL", "BLL\BLL.csproj", "{8052C8D5-97CD-4F96-88A2-9D700DE34970}"
EndProject
Project("{2150E333-8FDC-42A3-9474-1A3956D46DE8}") = "Domain", "Domain", "{9CE6B167-E2CE-451B-9DB6-BE20F8D591F6}"
EndProject
Project("{FAE04EC0-301F-11D3-BF4B-00C04F79EFBC}") = "Domain", "Domain\Domain.csproj", "{495552C3-738B-4628-B53F-1BCCD0DEF41F}"
EndProject
Project("{FAE04EC0-301F-11D3-BF4B-00C04F79EFBC}") = "WcfServer", "WcfService\WcfServer.csproj", "{ED2A7BF7-03E1-46CD-9A13-EE0C24D07005}"
EndProject
Project("{2150E333-8FDC-42A3-9474-1A3956D46DE8}") = "Shared", "Shared", "{872714E2-DF7E-4865-8A94-70F4BCE0550A}"
EndProject
Project("{FAE04EC0-301F-11D3-BF4B-00C04F79EFBC}") = "Utility", "Utility\Utility.csproj", "{688E9E21-BFA2-49A5-9AE9-D7F33703CA0F}"
EndProject
Global
	GlobalSection(SolutionConfigurationPlatforms) = preSolution
		Debug|Any CPU = Debug|Any CPU
		Release|Any CPU = Release|Any CPU
	EndGlobalSection
	GlobalSection(ProjectConfigurationPlatforms) = postSolution
		{E3FAA92B-4E36-45F4-A632-C7DAC73C779E}.Debug|Any CPU.ActiveCfg = Debug|Any CPU
		{E3FAA92B-4E36-45F4-A632-C7DAC73C779E}.Debug|Any CPU.Build.0 = Debug|Any CPU
		{E3FAA92B-4E36-45F4-A632-C7DAC73C779E}.Release|Any CPU.ActiveCfg = Release|Any CPU
		{E3FAA92B-4E36-45F4-A632-C7DAC73C779E}.Release|Any CPU.Build.0 = Release|Any CPU
		{8ECDF1CB-1688-4EFC-95BA-97CA56FE58FE}.Debug|Any CPU.ActiveCfg = Debug|Any CPU
		{8ECDF1CB-1688-4EFC-95BA-97CA56FE58FE}.Debug|Any CPU.Build.0 = Debug|Any CPU
		{8ECDF1CB-1688-4EFC-95BA-97CA56FE58FE}.Release|Any CPU.ActiveCfg = Release|Any CPU
		{8ECDF1CB-1688-4EFC-95BA-97CA56FE58FE}.Release|Any CPU.Build.0 = Release|Any CPU
		{8052C8D5-97CD-4F96-88A2-9D700DE34970}.Debug|Any CPU.ActiveCfg = Debug|Any CPU
		{8052C8D5-97CD-4F96-88A2-9D700DE34970}.Debug|Any CPU.Build.0 = Debug|Any CPU
		{8052C8D5-97CD-4F96-88A2-9D700DE34970}.Release|Any CPU.ActiveCfg = Release|Any CPU
		{8052C8D5-97CD-4F96-88A2-9D700DE34970}.Release|Any CPU.Build.0 = Release|Any CPU
		{495552C3-738B-4628-B53F-1BCCD0DEF41F}.Debug|Any CPU.ActiveCfg = Debug|Any CPU
		{495552C3-738B-4628-B53F-1BCCD0DEF41F}.Debug|Any CPU.Build.0 = Debug|Any CPU
		{495552C3-738B-4628-B53F-1BCCD0DEF41F}.Release|Any CPU.ActiveCfg = Release|Any CPU
		{495552C3-738B-4628-B53F-1BCCD0DEF41F}.Release|Any CPU.Build.0 = Release|Any CPU
		{ED2A7BF7-03E1-46CD-9A13-EE0C24D07005}.Debug|Any CPU.ActiveCfg = Debug|Any CPU
		{ED2A7BF7-03E1-46CD-9A13-EE0C24D07005}.Debug|Any CPU.Build.0 = Debug|Any CPU
		{ED2A7BF7-03E1-46CD-9A13-EE0C24D07005}.Release|Any CPU.ActiveCfg = Release|Any CPU
		{ED2A7BF7-03E1-46CD-9A13-EE0C24D07005}.Release|Any CPU.Build.0 = Release|Any CPU
		{688E9E21-BFA2-49A5-9AE9-D7F33703CA0F}.Debug|Any CPU.ActiveCfg = Debug|Any CPU
		{688E9E21-BFA2-49A5-9AE9-D7F33703CA0F}.Debug|Any CPU.Build.0 = Debug|Any CPU
		{688E9E21-BFA2-49A5-9AE9-D7F33703CA0F}.Release|Any CPU.ActiveCfg = Release|Any CPU
		{688E9E21-BFA2-49A5-9AE9-D7F33703CA0F}.Release|Any CPU.Build.0 = Release|Any CPU
	EndGlobalSection
	GlobalSection(SolutionProperties) = preSolution
		HideSolutionNode = FALSE
	EndGlobalSection
	GlobalSection(NestedProjects) = preSolution
		{E3FAA92B-4E36-45F4-A632-C7DAC73C779E} = {06118F91-59C9-4515-AE3A-E1F384C946A9}
		{8ECDF1CB-1688-4EFC-95BA-97CA56FE58FE} = {CB01491A-8CB2-4F62-BDA7-2A3371609103}
		{8052C8D5-97CD-4F96-88A2-9D700DE34970} = {06118F91-59C9-4515-AE3A-E1F384C946A9}
		{495552C3-738B-4628-B53F-1BCCD0DEF41F} = {9CE6B167-E2CE-451B-9DB6-BE20F8D591F6}
		{ED2A7BF7-03E1-46CD-9A13-EE0C24D07005} = {2675C86A-70EA-40C7-A39C-78AB6280C793}
		{688E9E21-BFA2-49A5-9AE9-D7F33703CA0F} = {872714E2-DF7E-4865-8A94-70F4BCE0550A}
	EndGlobalSection
	GlobalSection(ExtensibilityGlobals) = postSolution
		EnterpriseLibraryConfigurationToolBinariesPath = packages\Unity.2.1.505.0\lib\NET35
	EndGlobalSection
EndGlobal
